// !$*UTF8*$!
{
	archiveVersion = 1;
	classes = {
	};
	objectVersion = 46;
	objects = {

/* Begin PBXBuildFile section */
		1864E6921B8ED4A1006F21BC /* main.m in Sources */ = {isa = PBXBuildFile; fileRef = 1864E6911B8ED4A1006F21BC /* main.m */; };
		1864E69B1B8ED4A1006F21BC /* Main.storyboard in Resources */ = {isa = PBXBuildFile; fileRef = 1864E6991B8ED4A1006F21BC /* Main.storyboard */; };
		1864E69D1B8ED4A1006F21BC /* Images.xcassets in Resources */ = {isa = PBXBuildFile; fileRef = 1864E69C1B8ED4A1006F21BC /* Images.xcassets */; };
		1864E6A01B8ED4A1006F21BC /* LaunchScreen.xib in Resources */ = {isa = PBXBuildFile; fileRef = 1864E69E1B8ED4A1006F21BC /* LaunchScreen.xib */; };
		1864E6AC1B8ED4A1006F21BC /* CQXZTests.m in Sources */ = {isa = PBXBuildFile; fileRef = 1864E6AB1B8ED4A1006F21BC /* CQXZTests.m */; };
		1864E6BD1B8ED87B006F21BC /* AppDelegate.m in Sources */ = {isa = PBXBuildFile; fileRef = 1864E6B81B8ED87B006F21BC /* AppDelegate.m */; };
		1864E6BE1B8ED87B006F21BC /* ViewController.m in Sources */ = {isa = PBXBuildFile; fileRef = 1864E6BC1B8ED87B006F21BC /* ViewController.m */; };
		1864E6C91B8EF3E8006F21BC /* ACPDownloadConstants.m in Sources */ = {isa = PBXBuildFile; fileRef = 1864E6C81B8EF3E8006F21BC /* ACPDownloadConstants.m */; };
		1864E6CC1B8EF43B006F21BC /* ACPStaticImages.m in Sources */ = {isa = PBXBuildFile; fileRef = 1864E6CB1B8EF43B006F21BC /* ACPStaticImages.m */; };
		1864E6CF1B8EF47E006F21BC /* ACPStaticImagesAlternative.m in Sources */ = {isa = PBXBuildFile; fileRef = 1864E6CE1B8EF47E006F21BC /* ACPStaticImagesAlternative.m */; };
		1864E6D21B8EF4CC006F21BC /* ACPIndeterminateGoogleLayer.m in Sources */ = {isa = PBXBuildFile; fileRef = 1864E6D11B8EF4CC006F21BC /* ACPIndeterminateGoogleLayer.m */; };
		1864E6D51B8EF4FC006F21BC /* ACPIndeterminateLayer.m in Sources */ = {isa = PBXBuildFile; fileRef = 1864E6D41B8EF4FC006F21BC /* ACPIndeterminateLayer.m */; };
		1864E6D81B8EF539006F21BC /* ACPProgressLayer.m in Sources */ = {isa = PBXBuildFile; fileRef = 1864E6D71B8EF539006F21BC /* ACPProgressLayer.m */; };
		1864E6DB1B8EF581006F21BC /* ACPDownloadView.m in Sources */ = {isa = PBXBuildFile; fileRef = 1864E6DA1B8EF581006F21BC /* ACPDownloadView.m */; };
		1864E6DE1B8EF5EF006F21BC /* ExampleCell.m in Sources */ = {isa = PBXBuildFile; fileRef = 1864E6DD1B8EF5EF006F21BC /* ExampleCell.m */; };
		1864E6E01B8EF666006F21BC /* CoreGraphics.framework in Frameworks */ = {isa = PBXBuildFile; fileRef = 1864E6DF1B8EF666006F21BC /* CoreGraphics.framework */; };
/* End PBXBuildFile section */

/* Begin PBXContainerItemProxy section */
		1864E6A61B8ED4A1006F21BC /* PBXContainerItemProxy */ = {
			isa = PBXContainerItemProxy;
			containerPortal = 1864E6841B8ED4A1006F21BC /* Project object */;
			proxyType = 1;
			remoteGlobalIDString = 1864E68B1B8ED4A1006F21BC;
			remoteInfo = CQXZ;
		};
/* End PBXContainerItemProxy section */

/* Begin PBXFileReference section */
		1864E68C1B8ED4A1006F21BC /* CQXZ.app */ = {isa = PBXFileReference; explicitFileType = wrapper.application; includeInIndex = 0; path = CQXZ.app; sourceTree = BUILT_PRODUCTS_DIR; };
		1864E6901B8ED4A1006F21BC /* Info.plist */ = {isa = PBXFileReference; lastKnownFileType = text.plist.xml; path = Info.plist; sourceTree = "<group>"; };
		1864E6911B8ED4A1006F21BC /* main.m */ = {isa = PBXFileReference; lastKnownFileType = sourcecode.c.objc; path = main.m; sourceTree = "<group>"; };
		1864E69A1B8ED4A1006F21BC /* Base */ = {isa = PBXFileReference; lastKnownFileType = file.storyboard; name = Base; path = Base.lproj/Main.storyboard; sourceTree = "<group>"; };
		1864E69C1B8ED4A1006F21BC /* Images.xcassets */ = {isa = PBXFileReference; lastKnownFileType = folder.assetcatalog; path = Images.xcassets; sourceTree = "<group>"; };
		1864E69F1B8ED4A1006F21BC /* Base */ = {isa = PBXFileReference; lastKnownFileType = file.xib; name = Base; path = Base.lproj/LaunchScreen.xib; sourceTree = "<group>"; };
		1864E6A51B8ED4A1006F21BC /* CQXZTests.xctest */ = {isa = PBXFileReference; explicitFileType = wrapper.cfbundle; includeInIndex = 0; path = CQXZTests.xctest; sourceTree = BUILT_PRODUCTS_DIR; };
		1864E6AA1B8ED4A1006F21BC /* Info.plist */ = {isa = PBXFileReference; lastKnownFileType = text.plist.xml; path = Info.plist; sourceTree = "<group>"; };
		1864E6AB1B8ED4A1006F21BC /* CQXZTests.m */ = {isa = PBXFileReference; lastKnownFileType = sourcecode.c.objc; path = CQXZTests.m; sourceTree = "<group>"; };
		1864E6B71B8ED87B006F21BC /* AppDelegate.h */ = {isa = PBXFileReference; fileEncoding = 4; lastKnownFileType = sourcecode.c.h; path = AppDelegate.h; sourceTree = "<group>"; };
		1864E6B81B8ED87B006F21BC /* AppDelegate.m */ = {isa = PBXFileReference; fileEncoding = 4; lastKnownFileType = sourcecode.c.objc; path = AppDelegate.m; sourceTree = "<group>"; };
		1864E6BB1B8ED87B006F21BC /* ViewController.h */ = {isa = PBXFileReference; fileEncoding = 4; lastKnownFileType = sourcecode.c.h; path = ViewController.h; sourceTree = "<group>"; };
		1864E6BC1B8ED87B006F21BC /* ViewController.m */ = {isa = PBXFileReference; fileEncoding = 4; lastKnownFileType = sourcecode.c.objc; path = ViewController.m; sourceTree = "<group>"; };
		1864E6C11B8ED963006F21BC /* ACPLayerProtocol.h */ = {isa = PBXFileReference; fileEncoding = 4; lastKnownFileType = sourcecode.c.h; path = ACPLayerProtocol.h; sourceTree = "<group>"; };
		1864E6C41B8ED99F006F21BC /* ACPStaticImagesProtocol.h */ = {isa = PBXFileReference; fileEncoding = 4; lastKnownFileType = sourcecode.c.h; path = ACPStaticImagesProtocol.h; sourceTree = "<group>"; };
		1864E6C71B8EF3E8006F21BC /* ACPDownloadConstants.h */ = {isa = PBXFileReference; fileEncoding = 4; lastKnownFileType = sourcecode.c.h; path = ACPDownloadConstants.h; sourceTree = "<group>"; };
		1864E6C81B8EF3E8006F21BC /* ACPDownloadConstants.m */ = {isa = PBXFileReference; fileEncoding = 4; lastKnownFileType = sourcecode.c.objc; path = ACPDownloadConstants.m; sourceTree = "<group>"; };
		1864E6CA1B8EF43B006F21BC /* ACPStaticImages.h */ = {isa = PBXFileReference; fileEncoding = 4; lastKnownFileType = sourcecode.c.h; path = ACPStaticImages.h; sourceTree = "<group>"; };
		1864E6CB1B8EF43B006F21BC /* ACPStaticImages.m */ = {isa = PBXFileReference; fileEncoding = 4; lastKnownFileType = sourcecode.c.objc; path = ACPStaticImages.m; sourceTree = "<group>"; };
		1864E6CD1B8EF47E006F21BC /* ACPStaticImagesAlternative.h */ = {isa = PBXFileReference; fileEncoding = 4; lastKnownFileType = sourcecode.c.h; path = ACPStaticImagesAlternative.h; sourceTree = "<group>"; };
		1864E6CE1B8EF47E006F21BC /* ACPStaticImagesAlternative.m */ = {isa = PBXFileReference; fileEncoding = 4; lastKnownFileType = sourcecode.c.objc; path = ACPStaticImagesAlternative.m; sourceTree = "<group>"; };
		1864E6D01B8EF4CC006F21BC /* ACPIndeterminateGoogleLayer.h */ = {isa = PBXFileReference; fileEncoding = 4; lastKnownFileType = sourcecode.c.h; path = ACPIndeterminateGoogleLayer.h; sourceTree = "<group>"; };
		1864E6D11B8EF4CC006F21BC /* ACPIndeterminateGoogleLayer.m */ = {isa = PBXFileReference; fileEncoding = 4; lastKnownFileType = sourcecode.c.objc; path = ACPIndeterminateGoogleLayer.m; sourceTree = "<group>"; };
		1864E6D31B8EF4FC006F21BC /* ACPIndeterminateLayer.h */ = {isa = PBXFileReference; fileEncoding = 4; lastKnownFileType = sourcecode.c.h; path = ACPIndeterminateLayer.h; sourceTree = "<group>"; };
		1864E6D41B8EF4FC006F21BC /* ACPIndeterminateLayer.m */ = {isa = PBXFileReference; fileEncoding = 4; lastKnownFileType = sourcecode.c.objc; path = ACPIndeterminateLayer.m; sourceTree = "<group>"; };
		1864E6D61B8EF539006F21BC /* ACPProgressLayer.h */ = {isa = PBXFileReference; fileEncoding = 4; lastKnownFileType = sourcecode.c.h; path = ACPProgressLayer.h; sourceTree = "<group>"; };
		1864E6D71B8EF539006F21BC /* ACPProgressLayer.m */ = {isa = PBXFileReference; fileEncoding = 4; lastKnownFileType = sourcecode.c.objc; path = ACPProgressLayer.m; sourceTree = "<group>"; };
		1864E6D91B8EF581006F21BC /* ACPDownloadView.h */ = {isa = PBXFileReference; fileEncoding = 4; lastKnownFileType = sourcecode.c.h; path = ACPDownloadView.h; sourceTree = "<group>"; };
		1864E6DA1B8EF581006F21BC /* ACPDownloadView.m */ = {isa = PBXFileReference; fileEncoding = 4; lastKnownFileType = sourcecode.c.objc; path = ACPDownloadView.m; sourceTree = "<group>"; };
		1864E6DC1B8EF5EF006F21BC /* ExampleCell.h */ = {isa = PBXFileReference; fileEncoding = 4; lastKnownFileType = sourcecode.c.h; path = ExampleCell.h; sourceTree = "<group>"; };
		1864E6DD1B8EF5EF006F21BC /* ExampleCell.m */ = {isa = PBXFileReference; fileEncoding = 4; lastKnownFileType = sourcecode.c.objc; path = ExampleCell.m; sourceTree = "<group>"; };
		1864E6DF1B8EF666006F21BC /* CoreGraphics.framework */ = {isa = PBXFileReference; lastKnownFileType = wrapper.framework; path = CoreGraphics.framework; sourceTree = "<group>"; };
/* End PBXFileReference section */

/* Begin PBXFrameworksBuildPhase section */
		1864E6891B8ED4A1006F21BC /* Frameworks */ = {
			isa = PBXFrameworksBuildPhase;
			buildActionMask = 2147483647;
			files = (
				1864E6E01B8EF666006F21BC /* CoreGraphics.framework in Frameworks */,
			);
			runOnlyForDeploymentPostprocessing = 0;
		};
		1864E6A21B8ED4A1006F21BC /* Frameworks */ = {
			isa = PBXFrameworksBuildPhase;
			buildActionMask = 2147483647;
			files = (
			);
			runOnlyForDeploymentPostprocessing = 0;
		};
/* End PBXFrameworksBuildPhase section */

/* Begin PBXGroup section */
		1864E6831B8ED4A1006F21BC = {
			isa = PBXGroup;
			children = (
				1864E68E1B8ED4A1006F21BC /* CQXZ */,
				1864E6A81B8ED4A1006F21BC /* CQXZTests */,
				1864E68D1B8ED4A1006F21BC /* Products */,
			);
			sourceTree = "<group>";
		};
		1864E68D1B8ED4A1006F21BC /* Products */ = {
			isa = PBXGroup;
			children = (
				1864E68C1B8ED4A1006F21BC /* CQXZ.app */,
				1864E6A51B8ED4A1006F21BC /* CQXZTests.xctest */,
			);
			name = Products;
			sourceTree = "<group>";
		};
		1864E68E1B8ED4A1006F21BC /* CQXZ */ = {
			isa = PBXGroup;
			children = (
				1864E6B51B8ED87B006F21BC /* Classes */,
				1864E69C1B8ED4A1006F21BC /* Images.xcassets */,
				1864E69E1B8ED4A1006F21BC /* LaunchScreen.xib */,
				1864E68F1B8ED4A1006F21BC /* Supporting Files */,
			);
			path = CQXZ;
			sourceTree = "<group>";
		};
		1864E68F1B8ED4A1006F21BC /* Supporting Files */ = {
			isa = PBXGroup;
			children = (
				1864E6901B8ED4A1006F21BC /* Info.plist */,
				1864E6911B8ED4A1006F21BC /* main.m */,
			);
			name = "Supporting Files";
			sourceTree = "<group>";
		};
		1864E6A81B8ED4A1006F21BC /* CQXZTests */ = {
			isa = PBXGroup;
			children = (
				1864E6AB1B8ED4A1006F21BC /* CQXZTests.m */,
				1864E6A91B8ED4A1006F21BC /* Supporting Files */,
			);
			path = CQXZTests;
			sourceTree = "<group>";
		};
		1864E6A91B8ED4A1006F21BC /* Supporting Files */ = {
			isa = PBXGroup;
			children = (
				1864E6AA1B8ED4A1006F21BC /* Info.plist */,
			);
			name = "Supporting Files";
			sourceTree = "<group>";
		};
		1864E6B51B8ED87B006F21BC /* Classes */ = {
			isa = PBXGroup;
			children = (
				1864E6DF1B8EF666006F21BC /* CoreGraphics.framework */,
				1864E6C01B8ED932006F21BC /* Protocols */,
				1864E6B61B8ED87B006F21BC /* Animations */,
				1864E6B91B8ED87B006F21BC /* Images */,
				1864E6B71B8ED87B006F21BC /* AppDelegate.h */,
				1864E6B81B8ED87B006F21BC /* AppDelegate.m */,
				1864E6BB1B8ED87B006F21BC /* ViewController.h */,
				1864E6BC1B8ED87B006F21BC /* ViewController.m */,
				1864E6991B8ED4A1006F21BC /* Main.storyboard */,
				1864E6DC1B8EF5EF006F21BC /* ExampleCell.h */,
				1864E6DD1B8EF5EF006F21BC /* ExampleCell.m */,
			);
			path = Classes;
			sourceTree = "<group>";
		};
		1864E6B61B8ED87B006F21BC /* Animations */ = {
			isa = PBXGroup;
			children = (
				1864E6D01B8EF4CC006F21BC /* ACPIndeterminateGoogleLayer.h */,
				1864E6D11B8EF4CC006F21BC /* ACPIndeterminateGoogleLayer.m */,
				1864E6D31B8EF4FC006F21BC /* ACPIndeterminateLayer.h */,
				1864E6D41B8EF4FC006F21BC /* ACPIndeterminateLayer.m */,
				1864E6D61B8EF539006F21BC /* ACPProgressLayer.h */,
				1864E6D71B8EF539006F21BC /* ACPProgressLayer.m */,
			);
			path = Animations;
			sourceTree = "<group>";
		};
		1864E6B91B8ED87B006F21BC /* Images */ = {
			isa = PBXGroup;
			children = (
				1864E6CA1B8EF43B006F21BC /* ACPStaticImages.h */,
				1864E6CB1B8EF43B006F21BC /* ACPStaticImages.m */,
				1864E6CD1B8EF47E006F21BC /* ACPStaticImagesAlternative.h */,
				1864E6CE1B8EF47E006F21BC /* ACPStaticImagesAlternative.m */,
			);
			path = Images;
			sourceTree = "<group>";
		};
		1864E6C01B8ED932006F21BC /* Protocols */ = {
			isa = PBXGroup;
			children = (
				1864E6C11B8ED963006F21BC /* ACPLayerProtocol.h */,
				1864E6C41B8ED99F006F21BC /* ACPStaticImagesProtocol.h */,
				1864E6C71B8EF3E8006F21BC /* ACPDownloadConstants.h */,
				1864E6C81B8EF3E8006F21BC /* ACPDownloadConstants.m */,
				1864E6D91B8EF581006F21BC /* ACPDownloadView.h */,
				1864E6DA1B8EF581006F21BC /* ACPDownloadView.m */,
			);
			path = Protocols;
			sourceTree = "<group>";
		};
/* End PBXGroup section */

/* Begin PBXNativeTarget section */
		1864E68B1B8ED4A1006F21BC /* CQXZ */ = {
			isa = PBXNativeTarget;
			buildConfigurationList = 1864E6AF1B8ED4A1006F21BC /* Build configuration list for PBXNativeTarget "CQXZ" */;
			buildPhases = (
				1864E6881B8ED4A1006F21BC /* Sources */,
				1864E6891B8ED4A1006F21BC /* Frameworks */,
				1864E68A1B8ED4A1006F21BC /* Resources */,
			);
			buildRules = (
			);
			dependencies = (
			);
			name = CQXZ;
			productName = CQXZ;
			productReference = 1864E68C1B8ED4A1006F21BC /* CQXZ.app */;
			productType = "com.apple.product-type.application";
		};
		1864E6A41B8ED4A1006F21BC /* CQXZTests */ = {
			isa = PBXNativeTarget;
			buildConfigurationList = 1864E6B21B8ED4A1006F21BC /* Build configuration list for PBXNativeTarget "CQXZTests" */;
			buildPhases = (
				1864E6A11B8ED4A1006F21BC /* Sources */,
				1864E6A21B8ED4A1006F21BC /* Frameworks */,
				1864E6A31B8ED4A1006F21BC /* Resources */,
			);
			buildRules = (
			);
			dependencies = (
				1864E6A71B8ED4A1006F21BC /* PBXTargetDependency */,
			);
			name = CQXZTests;
			productName = CQXZTests;
			productReference = 1864E6A51B8ED4A1006F21BC /* CQXZTests.xctest */;
			productType = "com.apple.product-type.bundle.unit-test";
		};
/* End PBXNativeTarget section */

/* Begin PBXProject section */
		1864E6841B8ED4A1006F21BC /* Project object */ = {
			isa = PBXProject;
			attributes = {
				LastUpgradeCheck = 0640;
				ORGANIZATIONNAME = "七";
				TargetAttributes = {
					1864E68B1B8ED4A1006F21BC = {
						CreatedOnToolsVersion = 6.4;
					};
					1864E6A41B8ED4A1006F21BC = {
						CreatedOnToolsVersion = 6.4;
						TestTargetID = 1864E68B1B8ED4A1006F21BC;
					};
				};
			};
			buildConfigurationList = 1864E6871B8ED4A1006F21BC /* Build configuration list for PBXProject "CQXZ" */;
			compatibilityVersion = "Xcode 3.2";
			developmentRegion = English;
			hasScannedForEncodings = 0;
			knownRegions = (
				en,
				Base,
			);
			mainGroup = 1864E6831B8ED4A1006F21BC;
			productRefGroup = 1864E68D1B8ED4A1006F21BC /* Products */;
			projectDirPath = "";
			projectRoot = "";
			targets = (
				1864E68B1B8ED4A1006F21BC /* CQXZ */,
				1864E6A41B8ED4A1006F21BC /* CQXZTests */,
			);
		};
/* End PBXProject section */

/* Begin PBXResourcesBuildPhase section */
		1864E68A1B8ED4A1006F21BC /* Resources */ = {
			isa = PBXResourcesBuildPhase;
			buildActionMask = 2147483647;
			files = (
				1864E69B1B8ED4A1006F21BC /* Main.storyboard in Resources */,
				1864E6A01B8ED4A1006F21BC /* LaunchScreen.xib in Resources */,
				1864E69D1B8ED4A1006F21BC /* Images.xcassets in Resources */,
			);
			runOnlyForDeploymentPostprocessing = 0;
		};
		1864E6A31B8ED4A1006F21BC /* Resources */ = {
			isa = PBXResourcesBuildPhase;
			buildActionMask = 2147483647;
			files = (
			);
			runOnlyForDeploymentPostprocessing = 0;
		};
/* End PBXResourcesBuildPhase section */

/* Begin PBXSourcesBuildPhase section */
		1864E6881B8ED4A1006F21BC /* Sources */ = {
			isa = PBXSourcesBuildPhase;
			buildActionMask = 2147483647;
			files = (
				1864E6CF1B8EF47E006F21BC /* ACPStaticImagesAlternative.m in Sources */,
				1864E6BE1B8ED87B006F21BC /* ViewController.m in Sources */,
				1864E6CC1B8EF43B006F21BC /* ACPStaticImages.m in Sources */,
				1864E6BD1B8ED87B006F21BC /* AppDelegate.m in Sources */,
				1864E6D51B8EF4FC006F21BC /* ACPIndeterminateLayer.m in Sources */,
				1864E6DB1B8EF581006F21BC /* ACPDownloadView.m in Sources */,
				1864E6D21B8EF4CC006F21BC /* ACPIndeterminateGoogleLayer.m in Sources */,
				1864E6C91B8EF3E8006F21BC /* ACPDownloadConstants.m in Sources */,
				1864E6DE1B8EF5EF006F21BC /* ExampleCell.m in Sources */,
				1864E6921B8ED4A1006F21BC /* main.m in Sources */,
				1864E6D81B8EF539006F21BC /* ACPProgressLayer.m in Sources */,
			);
			runOnlyForDeploymentPostprocessing = 0;
		};
		1864E6A11B8ED4A1006F21BC /* Sources */ = {
			isa = PBXSourcesBuildPhase;
			buildActionMask = 2147483647;
			files = (
				1864E6AC1B8ED4A1006F21BC /* CQXZTests.m in Sources */,
			);
			runOnlyForDeploymentPostprocessing = 0;
		};
/* End PBXSourcesBuildPhase section */

/* Begin PBXTargetDependency section */
		1864E6A71B8ED4A1006F21BC /* PBXTargetDependency */ = {
			isa = PBXTargetDependency;
			target = 1864E68B1B8ED4A1006F21BC /* CQXZ */;
			targetProxy = 1864E6A61B8ED4A1006F21BC /* PBXContainerItemProxy */;
		};
/* End PBXTargetDependency section */

/* Begin PBXVariantGroup section */
		1864E6991B8ED4A1006F21BC /* Main.storyboard */ = {
			isa = PBXVariantGroup;
			children = (
				1864E69A1B8ED4A1006F21BC /* Base */,
			);
			name = Main.storyboard;
			path = ..;
			sourceTree = "<group>";
		};
		1864E69E1B8ED4A1006F21BC /* LaunchScreen.xib */ = {
			isa = PBXVariantGroup;
			children = (
				1864E69F1B8ED4A1006F21BC /* Base */,
			);
			name = LaunchScreen.xib;
			sourceTree = "<group>";
		};
/* End PBXVariantGroup section */

/* Begin XCBuildConfiguration section */
		1864E6AD1B8ED4A1006F21BC /* Debug */ = {
			isa = XCBuildConfiguration;
			buildSettings = {
				ALWAYS_SEARCH_USER_PATHS = NO;
				CLANG_CXX_LANGUAGE_STANDARD = "gnu++0x";
				CLANG_CXX_LIBRARY = "libc++";
				CLANG_ENABLE_MODULES = YES;
				CLANG_ENABLE_OBJC_ARC = YES;
				CLANG_WARN_BOOL_CONVERSION = YES;
				CLANG_WARN_CONSTANT_CONVERSION = YES;
				CLANG_WARN_DIRECT_OBJC_ISA_USAGE = YES_ERROR;
				CLANG_WARN_EMPTY_BODY = YES;
				CLANG_WARN_ENUM_CONVERSION = YES;
				CLANG_WARN_INT_CONVERSION = YES;
				CLANG_WARN_OBJC_ROOT_CLASS = YES_ERROR;
				CLANG_WARN_UNREACHABLE_CODE = YES;
				CLANG_WARN__DUPLICATE_METHOD_MATCH = YES;
				"CODE_SIGN_IDENTITY[sdk=iphoneos*]" = "iPhone Developer";
				COPY_PHASE_STRIP = NO;
				DEBUG_INFORMATION_FORMAT = "dwarf-with-dsym";
				ENABLE_STRICT_OBJC_MSGSEND = YES;
				GCC_C_LANGUAGE_STANDARD = gnu99;
				GCC_DYNAMIC_NO_PIC = NO;
				GCC_NO_COMMON_BLOCKS = YES;
				GCC_OPTIMIZATION_LEVEL = 0;
				GCC_PREPROCESSOR_DEFINITIONS = (
					"DEBUG=1",
					"$(inherited)",
				);
				GCC_SYMBOLS_PRIVATE_EXTERN = NO;
				GCC_WARN_64_TO_32_BIT_CONVERSION = YES;
				GCC_WARN_ABOUT_RETURN_TYPE = YES_ERROR;
				GCC_WARN_UNDECLARED_SELECTOR = YES;
				GCC_WARN_UNINITIALIZED_AUTOS = YES_AGGRESSIVE;
				GCC_WARN_UNUSED_FUNCTION = YES;
				GCC_WARN_UNUSED_VARIABLE = YES;
				IPHONEOS_DEPLOYMENT_TARGET = 8.4;
				MTL_ENABLE_DEBUG_INFO = YES;
				ONLY_ACTIVE_ARCH = YES;
				SDKROOT = iphoneos;
			};
			name = Debug;
		};
		1864E6AE1B8ED4A1006F21BC /* Release */ = {
			isa = XCBuildConfiguration;
			buildSettings = {
				ALWAYS_SEARCH_USER_PATHS = NO;
				CLANG_CXX_LANGUAGE_STANDARD = "gnu++0x";
				CLANG_CXX_LIBRARY = "libc++";
				CLANG_ENABLE_MODULES = YES;
				CLANG_ENABLE_OBJC_ARC = YES;
				CLANG_WARN_BOOL_CONVERSION = YES;
				CLANG_WARN_CONSTANT_CONVERSION = YES;
				CLANG_WARN_DIRECT_OBJC_ISA_USAGE = YES_ERROR;
				CLANG_WARN_EMPTY_BODY = YES;
				CLANG_WARN_ENUM_CONVERSION = YES;
				CLANG_WARN_INT_CONVERSION = YES;
				CLANG_WARN_OBJC_ROOT_CLASS = YES_ERROR;
				CLANG_WARN_UNREACHABLE_CODE = YES;
				CLANG_WARN__DUPLICATE_METHOD_MATCH = YES;
				"CODE_SIGN_IDENTITY[sdk=iphoneos*]" = "iPhone Developer";
				COPY_PHASE_STRIP = NO;
				DEBUG_INFORMATION_FORMAT = "dwarf-with-dsym";
				ENABLE_NS_ASSERTIONS = NO;
				ENABLE_STRICT_OBJC_MSGSEND = YES;
				GCC_C_LANGUAGE_STANDARD = gnu99;
				GCC_NO_COMMON_BLOCKS = YES;
				GCC_WARN_64_TO_32_BIT_CONVERSION = YES;
				GCC_WARN_ABOUT_RETURN_TYPE = YES_ERROR;
				GCC_WARN_UNDECLARED_SELECTOR = YES;
				GCC_WARN_UNINITIALIZED_AUTOS = YES_AGGRESSIVE;
				GCC_WARN_UNUSED_FUNCTION = YES;
				GCC_WARN_UNUSED_VARIABLE = YES;
				IPHONEOS_DEPLOYMENT_TARGET = 8.4;
				MTL_ENABLE_DEBUG_INFO = NO;
				SDKROOT = iphoneos;
				VALIDATE_PRODUCT = YES;
			};
			name = Release;
		};
		1864E6B01B8ED4A1006F21BC /* Debug */ = {
			isa = XCBuildConfiguration;
			buildSettings = {
				ASSETCATALOG_COMPILER_APPICON_NAME = AppIcon;
				FRAMEWORK_SEARCH_PATHS = (
					"$(inherited)",
					"$(PROJECT_DIR)/CQXZ/Classes",
				);
				INFOPLIST_FILE = CQXZ/Info.plist;
				LD_RUNPATH_SEARCH_PATHS = "$(inherited) @executable_path/Frameworks";
				PRODUCT_NAME = "$(TARGET_NAME)";
			};
			name = Debug;
		};
		1864E6B11B8ED4A1006F21BC /* Release */ = {
			isa = XCBuildConfiguration;
			buildSettings = {
				ASSETCATALOG_COMPILER_APPICON_NAME = AppIcon;
				FRAMEWORK_SEARCH_PATHS = (
					"$(inherited)",
					"$(PROJECT_DIR)/CQXZ/Classes",
				);
				INFOPLIST_FILE = CQXZ/Info.plist;
				LD_RUNPATH_SEARCH_PATHS = "$(inherited) @executable_path/Frameworks";
				PRODUCT_NAME = "$(TARGET_NAME)";
			};
			name = Release;
		};
		1864E6B31B8ED4A1006F21BC /* Debug */ = {
			isa = XCBuildConfiguration;
			buildSettings = {
				BUNDLE_LOADER = "$(TEST_HOST)";
				FRAMEWORK_SEARCH_PATHS = (
					"$(SDKROOT)/Developer/Library/Frameworks",
					"$(inherited)",
				);
				GCC_PREPROCESSOR_DEFINITIONS = (
					"DEBUG=1",
					"$(inherited)",
				);
				INFOPLIST_FILE = CQXZTests/Info.plist;
				LD_RUNPATH_SEARCH_PATHS = "$(inherited) @executable_path/Frameworks @loader_path/Frameworks";
				PRODUCT_NAME = "$(TARGET_NAME)";
				TEST_HOST = "$(BUILT_PRODUCTS_DIR)/CQXZ.app/CQXZ";
			};
			name = Debug;
		};
		1864E6B41B8ED4A1006F21BC /* Release */ = {
			isa = XCBuildConfiguration;
			buildSettings = {
				BUNDLE_LOADER = "$(TEST_HOST)";
				FRAMEWORK_SEARCH_PATHS = (
					"$(SDKROOT)/Developer/Library/Frameworks",
					"$(inherited)",
				);
				INFOPLIST_FILE = CQXZTests/Info.plist;
				LD_RUNPATH_SEARCH_PATHS = "$(inherited) @executable_path/Frameworks @loader_path/Frameworks";
				PRODUCT_NAME = "$(TARGET_NAME)";
				TEST_HOST = "$(BUILT_PRODUCTS_DIR)/CQXZ.app/CQXZ";
			};
			name = Release;
		};
/* End XCBuildConfiguration section */

/* Begin XCConfigurationList section */
		1864E6871B8ED4A1006F21BC /* Build configuration list for PBXProject "CQXZ" */ = {
			isa = XCConfigurationList;
			buildConfigurations = (
				1864E6AD1B8ED4A1006F21BC /* Debug */,
				1864E6AE1B8ED4A1006F21BC /* Release */,
			);
			defaultConfigurationIsVisible = 0;
			defaultConfigurationName = Release;
		};
		1864E6AF1B8ED4A1006F21BC /* Build configuration list for PBXNativeTarget "CQXZ" */ = {
			isa = XCConfigurationList;
			buildConfigurations = (
				1864E6B01B8ED4A1006F21BC /* Debug */,
				1864E6B11B8ED4A1006F21BC /* Release */,
			);
			defaultConfigurationIsVisible = 0;
		};
		1864E6B21B8ED4A1006F21BC /* Build configuration list for PBXNativeTarget "CQXZTests" */ = {
			isa = XCConfigurationList;
			buildConfigurations = (
				1864E6B31B8ED4A1006F21BC /* Debug */,
				1864E6B41B8ED4A1006F21BC /* Release */,
			);
			defaultConfigurationIsVisible = 0;
		};
/* End XCConfigurationList section */
	};
	rootObject = 1864E6841B8ED4A1006F21BC /* Project object */;
}
